
Microsoft Visual Studio Solution File, Format Version 12.00
# Visual Studio 15
VisualStudioVersion = 15.0.28307.168
MinimumVisualStudioVersion = 10.0.40219.1
Project("{FAE04EC0-301F-11D3-BF4B-00C04F79EFBC}") = "Questionnaire.MvvmBase", "Code\Questionnaire.MvvmBase\Questionnaire.MvvmBase.csproj", "{0FA54730-640D-4D62-A58D-261E32C87FFF}"
EndProject
Project("{FAE04EC0-301F-11D3-BF4B-00C04F79EFBC}") = "Questionnaire.Data", "Code\Questionnaire.Data\Questionnaire.Data.csproj", "{D72CB11E-FE82-4BDF-8F52-841645851D36}"
EndProject
Project("{2150E333-8FDC-42A3-9474-1A3956D46DE8}") = "Tests", "Tests", "{B439C3D8-2BC9-4474-842B-84AE91E3D61C}"
EndProject
Project("{2150E333-8FDC-42A3-9474-1A3956D46DE8}") = "Code", "Code", "{73AAD14E-E623-4BF1-A47D-82BA8A342A41}"
EndProject
Project("{FAE04EC0-301F-11D3-BF4B-00C04F79EFBC}") = "Questionnaire.Data.Tests", "Tests\Questionnaire.Data.Tests\Questionnaire.Data.Tests.csproj", "{F846AC63-4C5C-4A1D-BBF9-F53E35F697DF}"
EndProject
Project("{FAE04EC0-301F-11D3-BF4B-00C04F79EFBC}") = "Questionnaire", "Code\Questionnaire\Questionnaire.csproj", "{17193BC6-F247-4F03-A85E-0A96907EE842}"
EndProject
Project("{54435603-DBB4-11D2-8724-00A0C9A8B90C}") = "QuestionnaireSetupProject", "Code\QuestionnaireSetupProject\QuestionnaireSetupProject.vdproj", "{1D800B03-4D51-492D-A359-33E3C867F664}"
EndProject
Project("{FAE04EC0-301F-11D3-BF4B-00C04F79EFBC}") = "Questionnaire.DesktopClient", "Code\Questionnaire.DesktopClient\Questionnaire.DesktopClient.csproj", "{C81C2B8B-1F03-4E59-8C79-6EE1A7AA1ACE}"
EndProject
Project("{FAE04EC0-301F-11D3-BF4B-00C04F79EFBC}") = "Helpers", "Code\Helpers\Helpers.csproj", "{12FAA7BD-A5D4-48E3-80C4-6D7A72BE99B0}"
EndProject
Project("{FAE04EC0-301F-11D3-BF4B-00C04F79EFBC}") = "NpoiExcel", "Code\NpoiExcel\NpoiExcel.csproj", "{47680BF8-C76A-44B9-BDE3-694F1A73CCB1}"
EndProject
Project("{FAE04EC0-301F-11D3-BF4B-00C04F79EFBC}") = "NpoiExcel.Tests", "Tests\NpoiExcel.Tests\NpoiExcel.Tests.csproj", "{0943E858-2173-4084-AFC8-C0524D8CB825}"
EndProject
Project("{FAE04EC0-301F-11D3-BF4B-00C04F79EFBC}") = "Helpers.Tests", "Tests\Helpers.Tests\Helpers.Tests.csproj", "{8C7C647B-6A28-477E-8B1F-9FB555F55376}"
EndProject
Global
	GlobalSection(SolutionConfigurationPlatforms) = preSolution
		Debug|Any CPU = Debug|Any CPU
		Release|Any CPU = Release|Any CPU
	EndGlobalSection
	GlobalSection(ProjectConfigurationPlatforms) = postSolution
		{0FA54730-640D-4D62-A58D-261E32C87FFF}.Debug|Any CPU.ActiveCfg = Debug|Any CPU
		{0FA54730-640D-4D62-A58D-261E32C87FFF}.Debug|Any CPU.Build.0 = Debug|Any CPU
		{0FA54730-640D-4D62-A58D-261E32C87FFF}.Release|Any CPU.ActiveCfg = Release|Any CPU
		{0FA54730-640D-4D62-A58D-261E32C87FFF}.Release|Any CPU.Build.0 = Release|Any CPU
		{D72CB11E-FE82-4BDF-8F52-841645851D36}.Debug|Any CPU.ActiveCfg = Debug|Any CPU
		{D72CB11E-FE82-4BDF-8F52-841645851D36}.Debug|Any CPU.Build.0 = Debug|Any CPU
		{D72CB11E-FE82-4BDF-8F52-841645851D36}.Release|Any CPU.ActiveCfg = Release|Any CPU
		{D72CB11E-FE82-4BDF-8F52-841645851D36}.Release|Any CPU.Build.0 = Release|Any CPU
		{F846AC63-4C5C-4A1D-BBF9-F53E35F697DF}.Debug|Any CPU.ActiveCfg = Debug|Any CPU
		{F846AC63-4C5C-4A1D-BBF9-F53E35F697DF}.Debug|Any CPU.Build.0 = Debug|Any CPU
		{F846AC63-4C5C-4A1D-BBF9-F53E35F697DF}.Release|Any CPU.ActiveCfg = Release|Any CPU
		{F846AC63-4C5C-4A1D-BBF9-F53E35F697DF}.Release|Any CPU.Build.0 = Release|Any CPU
		{17193BC6-F247-4F03-A85E-0A96907EE842}.Debug|Any CPU.ActiveCfg = Debug|Any CPU
		{17193BC6-F247-4F03-A85E-0A96907EE842}.Debug|Any CPU.Build.0 = Debug|Any CPU
		{17193BC6-F247-4F03-A85E-0A96907EE842}.Release|Any CPU.ActiveCfg = Release|Any CPU
		{17193BC6-F247-4F03-A85E-0A96907EE842}.Release|Any CPU.Build.0 = Release|Any CPU
		{1D800B03-4D51-492D-A359-33E3C867F664}.Debug|Any CPU.ActiveCfg = Debug
		{1D800B03-4D51-492D-A359-33E3C867F664}.Release|Any CPU.ActiveCfg = Release
		{C81C2B8B-1F03-4E59-8C79-6EE1A7AA1ACE}.Debug|Any CPU.ActiveCfg = Debug|Any CPU
		{C81C2B8B-1F03-4E59-8C79-6EE1A7AA1ACE}.Debug|Any CPU.Build.0 = Debug|Any CPU
		{C81C2B8B-1F03-4E59-8C79-6EE1A7AA1ACE}.Release|Any CPU.ActiveCfg = Release|Any CPU
		{C81C2B8B-1F03-4E59-8C79-6EE1A7AA1ACE}.Release|Any CPU.Build.0 = Release|Any CPU
		{12FAA7BD-A5D4-48E3-80C4-6D7A72BE99B0}.Debug|Any CPU.ActiveCfg = Debug|Any CPU
		{12FAA7BD-A5D4-48E3-80C4-6D7A72BE99B0}.Debug|Any CPU.Build.0 = Debug|Any CPU
		{12FAA7BD-A5D4-48E3-80C4-6D7A72BE99B0}.Release|Any CPU.ActiveCfg = Release|Any CPU
		{12FAA7BD-A5D4-48E3-80C4-6D7A72BE99B0}.Release|Any CPU.Build.0 = Release|Any CPU
		{47680BF8-C76A-44B9-BDE3-694F1A73CCB1}.Debug|Any CPU.ActiveCfg = Debug|Any CPU
		{47680BF8-C76A-44B9-BDE3-694F1A73CCB1}.Debug|Any CPU.Build.0 = Debug|Any CPU
		{47680BF8-C76A-44B9-BDE3-694F1A73CCB1}.Release|Any CPU.ActiveCfg = Release|Any CPU
		{47680BF8-C76A-44B9-BDE3-694F1A73CCB1}.Release|Any CPU.Build.0 = Release|Any CPU
		{0943E858-2173-4084-AFC8-C0524D8CB825}.Debug|Any CPU.ActiveCfg = Debug|Any CPU
		{0943E858-2173-4084-AFC8-C0524D8CB825}.Debug|Any CPU.Build.0 = Debug|Any CPU
		{0943E858-2173-4084-AFC8-C0524D8CB825}.Release|Any CPU.ActiveCfg = Release|Any CPU
		{0943E858-2173-4084-AFC8-C0524D8CB825}.Release|Any CPU.Build.0 = Release|Any CPU
		{8C7C647B-6A28-477E-8B1F-9FB555F55376}.Debug|Any CPU.ActiveCfg = Debug|Any CPU
		{8C7C647B-6A28-477E-8B1F-9FB555F55376}.Debug|Any CPU.Build.0 = Debug|Any CPU
		{8C7C647B-6A28-477E-8B1F-9FB555F55376}.Release|Any CPU.ActiveCfg = Release|Any CPU
		{8C7C647B-6A28-477E-8B1F-9FB555F55376}.Release|Any CPU.Build.0 = Release|Any CPU
	EndGlobalSection
	GlobalSection(SolutionProperties) = preSolution
		HideSolutionNode = FALSE
	EndGlobalSection
	GlobalSection(NestedProjects) = preSolution
		{0FA54730-640D-4D62-A58D-261E32C87FFF} = {73AAD14E-E623-4BF1-A47D-82BA8A342A41}
		{D72CB11E-FE82-4BDF-8F52-841645851D36} = {73AAD14E-E623-4BF1-A47D-82BA8A342A41}
		{F846AC63-4C5C-4A1D-BBF9-F53E35F697DF} = {B439C3D8-2BC9-4474-842B-84AE91E3D61C}
		{17193BC6-F247-4F03-A85E-0A96907EE842} = {73AAD14E-E623-4BF1-A47D-82BA8A342A41}
		{1D800B03-4D51-492D-A359-33E3C867F664} = {73AAD14E-E623-4BF1-A47D-82BA8A342A41}
		{C81C2B8B-1F03-4E59-8C79-6EE1A7AA1ACE} = {73AAD14E-E623-4BF1-A47D-82BA8A342A41}
		{12FAA7BD-A5D4-48E3-80C4-6D7A72BE99B0} = {73AAD14E-E623-4BF1-A47D-82BA8A342A41}
		{47680BF8-C76A-44B9-BDE3-694F1A73CCB1} = {73AAD14E-E623-4BF1-A47D-82BA8A342A41}
		{0943E858-2173-4084-AFC8-C0524D8CB825} = {B439C3D8-2BC9-4474-842B-84AE91E3D61C}
		{8C7C647B-6A28-477E-8B1F-9FB555F55376} = {B439C3D8-2BC9-4474-842B-84AE91E3D61C}
	EndGlobalSection
	GlobalSection(ExtensibilityGlobals) = postSolution
		SolutionGuid = {BDB4E9D8-0978-45D2-82FE-23BD70EAF94C}
	EndGlobalSection
EndGlobal
